{
  "version": 4,
  "terraform_version": "1.15.9",
  "serial": 16,
  "lineage": "12ffa8e7-99f8-5f08-d291-1a9fcf21024c",
  "outputs": {
    "gcp_service_account": {
      "value": "codemender-runner@codemender-playground-cc26.iam.gserviceaccount.com",
      "type": "string"
    },
    "gcp_wif_provider": {
      "value": "projects/929026235219/locations/global/workloadIdentityPools/codemender-pool/providers/codemender-provider",
      "type": "string"
    },
    "github_secrets_instructions": {
      "value": "================================================================================\n✓ Workload Identity Federation configuration complete via Terraform!\n================================================================================\n\nAdd the following secrets to your GitHub repository (cledoux/firefox-cm-demo):\n\n  GCP_WIF_PROVIDER: projects/929026235219/locations/global/workloadIdentityPools/codemender-pool/providers/codemender-provider\n  GCP_SERVICE_ACCOUNT: codemender-runner@codemender-playground-cc26.iam.gserviceaccount.com\n\n================================================================================\n",
      "type": "string"
    },
    "workload_identity_pool_name": {
      "value": "projects/929026235219/locations/global/workloadIdentityPools/codemender-pool",
      "type": "string"
    }
  },
  "resources": [
    {
      "mode": "data",
      "type": "google_project",
      "name": "project",
      "provider": "provider[\"registry.terraform.io/hashicorp/google\"]",
      "instances": [
        {
          "schema_version": 0,
          "attributes": {
            "auto_create_network": null,
            "billing_account": "016561-9BEF5A-5D0AD5",
            "deletion_policy": "PREVENT",
            "effective_labels": {
              "goog-terraform-provisioned": "true"
            },
            "folder_id": "",
            "id": "projects/codemender-playground-cc26",
            "labels": {
              "goog-terraform-provisioned": "true"
            },
            "name": "codemender-playground",
            "number": "929026235219",
            "org_id": "778598868676",
            "project_id": "codemender-playground-cc26",
            "tags": null,
            "terraform_labels": {
              "goog-terraform-provisioned": "true"
            }
          },
          "sensitive_attributes": [],
          "identity_schema_version": 0
        }
      ]
    },
    {
      "mode": "managed",
      "type": "google_iam_workload_identity_pool",
      "name": "pool",
      "provider": "provider[\"registry.terraform.io/hashicorp/google\"]",
      "instances": [
        {
          "schema_version": 0,
          "attributes": {
            "description": "Workload Identity Pool for CodeMender GitHub Actions CI/CD workflows",
            "disabled": false,
            "display_name": "CodeMender Identity Pool",
            "id": "projects/codemender-playground-cc26/locations/global/workloadIdentityPools/codemender-pool",
            "name": "projects/929026235219/locations/global/workloadIdentityPools/codemender-pool",
            "project": "codemender-playground-cc26",
            "state": "ACTIVE",
            "timeouts": null,
            "workload_identity_pool_id": "codemender-pool"
          },
          "sensitive_attributes": [],
          "identity_schema_version": 0,
          "private": "eyJlMmJmYjczMC1lY2FhLTExZTYtOGY4OC0zNDM2M2JjN2M0YzAiOnsiY3JlYXRlIjoxMjAwMDAwMDAwMDAwLCJkZWxldGUiOjEyMDAwMDAwMDAwMDAsInVwZGF0ZSI6MTIwMDAwMDAwMDAwMH19"
        }
      ]
    },
    {
      "mode": "managed",
      "type": "google_iam_workload_identity_pool_provider",
      "name": "provider",
      "provider": "provider[\"registry.terraform.io/hashicorp/google\"]",
      "instances": [
        {
          "schema_version": 0,
          "attributes": {
            "attribute_condition": "assertion.repository == \"cledoux/firefox-cm-demo\"",
            "attribute_mapping": {
              "attribute.repository": "assertion.repository",
              "attribute.repository_owner": "assertion.repository_owner",
              "google.subject": "assertion.sub"
            },
            "aws": [],
            "description": "OIDC Provider for GitHub Actions token.actions.githubusercontent.com",
            "disabled": false,
            "display_name": "CodeMender GitHub Provider",
            "id": "projects/codemender-playground-cc26/locations/global/workloadIdentityPools/codemender-pool/providers/codemender-provider",
            "name": "projects/929026235219/locations/global/workloadIdentityPools/codemender-pool/providers/codemender-provider",
            "oidc": [
              {
                "allowed_audiences": null,
                "issuer_uri": "https://token.actions.githubusercontent.com",
                "jwks_json": ""
              }
            ],
            "project": "codemender-playground-cc26",
            "saml": [],
            "state": "ACTIVE",
            "timeouts": null,
            "workload_identity_pool_id": "codemender-pool",
            "workload_identity_pool_provider_id": "codemender-provider",
            "x509": []
          },
          "sensitive_attributes": [],
          "identity_schema_version": 0,
          "private": "eyJlMmJmYjczMC1lY2FhLTExZTYtOGY4OC0zNDM2M2JjN2M0YzAiOnsiY3JlYXRlIjoxMjAwMDAwMDAwMDAwLCJkZWxldGUiOjEyMDAwMDAwMDAwMDAsInVwZGF0ZSI6MTIwMDAwMDAwMDAwMH19",
          "dependencies": [
            "google_iam_workload_identity_pool.pool"
          ]
        }
      ]
    },
    {
      "mode": "managed",
      "type": "google_project_iam_member",
      "name": "aiplatform_user",
      "provider": "provider[\"registry.terraform.io/hashicorp/google\"]",
      "instances": [
        {
          "schema_version": 0,
          "attributes": {
            "condition": [],
            "etag": "BwZZ4er61UA=",
            "id": "codemender-playground-cc26/roles/aiplatform.user/serviceAccount:codemender-runner@codemender-playground-cc26.iam.gserviceaccount.com",
            "member": "serviceAccount:codemender-runner@codemender-playground-cc26.iam.gserviceaccount.com",
            "project": "codemender-playground-cc26",
            "role": "roles/aiplatform.user"
          },
          "sensitive_attributes": [],
          "identity_schema_version": 0,
          "private": "bnVsbA==",
          "dependencies": [
            "google_service_account.runner"
          ]
        }
      ]
    },
    {
      "mode": "managed",
      "type": "google_service_account",
      "name": "runner",
      "provider": "provider[\"registry.terraform.io/hashicorp/google\"]",
      "instances": [
        {
          "schema_version": 0,
          "attributes": {
            "account_id": "codemender-runner",
            "create_ignore_already_exists": null,
            "description": "Service account used by CodeMender GitHub Actions CI/CD runner for Vertex AI access",
            "disabled": false,
            "display_name": "CodeMender Runner",
            "email": "codemender-runner@codemender-playground-cc26.iam.gserviceaccount.com",
            "id": "projects/codemender-playground-cc26/serviceAccounts/codemender-runner@codemender-playground-cc26.iam.gserviceaccount.com",
            "member": "serviceAccount:codemender-runner@codemender-playground-cc26.iam.gserviceaccount.com",
            "name": "projects/codemender-playground-cc26/serviceAccounts/codemender-runner@codemender-playground-cc26.iam.gserviceaccount.com",
            "project": "codemender-playground-cc26",
            "timeouts": null,
            "unique_id": "104332163450832644868"
          },
          "sensitive_attributes": [],
          "identity_schema_version": 0,
          "private": "eyJlMmJmYjczMC1lY2FhLTExZTYtOGY4OC0zNDM2M2JjN2M0YzAiOnsiY3JlYXRlIjozMDAwMDAwMDAwMDB9fQ=="
        }
      ]
    },
    {
      "mode": "managed",
      "type": "google_service_account_iam_member",
      "name": "wif_user",
      "provider": "provider[\"registry.terraform.io/hashicorp/google\"]",
      "instances": [
        {
          "schema_version": 0,
          "attributes": {
            "condition": [],
            "etag": "BwZZ4gF2LyE=",
            "id": "projects/codemender-playground-cc26/serviceAccounts/codemender-runner@codemender-playground-cc26.iam.gserviceaccount.com/roles/iam.workloadIdentityUser/principalSet://iam.googleapis.com/projects/929026235219/locations/global/workloadIdentityPools/codemender-pool/attribute.repository/cledoux/firefox-cm-demo",
            "member": "principalSet://iam.googleapis.com/projects/929026235219/locations/global/workloadIdentityPools/codemender-pool/attribute.repository/cledoux/firefox-cm-demo",
            "role": "roles/iam.workloadIdentityUser",
            "service_account_id": "projects/codemender-playground-cc26/serviceAccounts/codemender-runner@codemender-playground-cc26.iam.gserviceaccount.com"
          },
          "sensitive_attributes": [],
          "identity_schema_version": 0,
          "private": "bnVsbA==",
          "dependencies": [
            "google_iam_workload_identity_pool.pool",
            "google_service_account.runner"
          ]
        }
      ]
    }
  ],
  "check_results": null
}
